
Microsoft Visual Studio Solution File, Format Version 12.00
# Visual Studio 2013
VisualStudioVersion = 12.0.20827.3
MinimumVisualStudioVersion = 10.0.40219.1
Project("{8BC9CEB8-8B4A-11D0-8D11-00A0C91BC942}") = "object_pool_test", "object_pool_test.vcxproj", "{A34CE550-A777-4201-80E4-32655A452D05}"
EndProject
Global
	GlobalSection(SolutionConfigurationPlatforms) = preSolution
		Debug|Win32 = Debug|Win32
		Release|Win32 = Release|Win32
	EndGlobalSection
	GlobalSection(ProjectConfigurationPlatforms) = postSolution
		{A34CE550-A777-4201-80E4-32655A452D05}.Debug|Win32.ActiveCfg = Debug|Win32
		{A34CE550-A777-4201-80E4-32655A452D05}.Debug|Win32.Build.0 = Debug|Win32
		{A34CE550-A777-4201-80E4-32655A452D05}.Release|Win32.ActiveCfg = Release|Win32
		{A34CE550-A777-4201-80E4-32655A452D05}.Release|Win32.Build.0 = Release|Win32
	EndGlobalSection
	GlobalSection(SolutionProperties) = preSolution
		HideSolutionNode = FALSE
	EndGlobalSection
EndGlobal
